# This file is automatically @generated by Cargo.
# It is not intended for manual editing.
version = 4

[[package]]
name = "nwipc"
version = "0.0.0"
dependencies = [
 "nwipc-bootstrap-codec",
 "nwipc-bootstrap-schema",
 "nwipc-capabilities",
 "nwipc-diagnostics",
 "nwipc-error",
 "nwipc-macos-transport",
 "nwipc-metrics",
 "nwipc-peer-bootstrap",
 "nwipc-peer-core",
 "nwipc-renderer-api",
 "nwipc-renderer-bootstrap",
 "nwipc-runtime",
 "nwipc-session",
 "nwipc-session-machine",
 "nwipc-state",
 "nwipc-types",
]

[[package]]
name = "nwipc-appkit"
version = "0.0.0"
dependencies = [
 "nwipc-capabilities",
 "nwipc-error",
 "nwipc-macos-artifact",
 "nwipc-macos-host",
 "nwipc-macos-spi",
 "nwipc-types",
]

[[package]]
name = "nwipc-atomic"
version = "0.0.0"
dependencies = [
 "nwipc-error",
 "nwipc-layout",
 "nwipc-memory-api",
]

[[package]]
name = "nwipc-bootstrap-codec"
version = "0.0.0"
dependencies = [
 "nwipc-bootstrap-schema",
 "nwipc-error",
 "nwipc-types",
]

[[package]]
name = "nwipc-bootstrap-schema"
version = "0.0.0"
dependencies = [
 "nwipc-error",
 "nwipc-types",
]

[[package]]
name = "nwipc-capabilities"
version = "0.0.0"
dependencies = [
 "nwipc-error",
]

[[package]]
name = "nwipc-channel-core"
version = "0.0.0"
dependencies = [
 "nwipc-atomic",
 "nwipc-error",
 "nwipc-flow-control",
 "nwipc-fragment",
 "nwipc-record",
 "nwipc-ring-reader",
 "nwipc-ring-writer",
 "nwipc-testkit",
]

[[package]]
name = "nwipc-channel-transport"
version = "0.0.0"
dependencies = [
 "nwipc-atomic",
 "nwipc-capabilities",
 "nwipc-channel-core",
 "nwipc-error",
 "nwipc-layout",
 "nwipc-memory-api",
 "nwipc-memory-iosurface",
 "nwipc-protocol",
 "nwipc-signal-api",
 "nwipc-signal-darwin",
 "nwipc-signal-hybrid",
 "nwipc-signal-poll",
 "nwipc-testkit",
 "nwipc-types",
 "nwipc-validation",
]

[[package]]
name = "nwipc-diagnostics"
version = "0.0.0"
dependencies = [
 "nwipc-capabilities",
 "nwipc-error",
 "nwipc-metrics",
 "nwipc-state",
 "nwipc-types",
]

[[package]]
name = "nwipc-error"
version = "0.0.0"

[[package]]
name = "nwipc-example-macos-appkit"
version = "0.0.0"
dependencies = [
 "nwipc-appkit",
 "nwipc-macos-spi",
]

[[package]]
name = "nwipc-flow-control"
version = "0.0.0"
dependencies = [
 "nwipc-error",
]

[[package]]
name = "nwipc-fragment"
version = "0.0.0"
dependencies = [
 "nwipc-error",
 "nwipc-layout",
 "nwipc-record",
 "nwipc-types",
]

[[package]]
name = "nwipc-layout"
version = "0.0.0"
dependencies = [
 "nwipc-error",
 "nwipc-types",
]

[[package]]
name = "nwipc-macos-artifact"
version = "0.0.0"
dependencies = [
 "nwipc-error",
]

[[package]]
name = "nwipc-macos-bundle"
version = "0.0.0"
dependencies = [
 "nwipc-bootstrap-schema",
 "nwipc-error",
 "nwipc-macos-bundle-api",
 "nwipc-renderer-bootstrap",
 "nwipc-types",
]

[[package]]
name = "nwipc-macos-bundle-api"
version = "0.0.0"
dependencies = [
 "nwipc-error",
]

[[package]]
name = "nwipc-macos-bundle-shim"
version = "0.0.0"
dependencies = [
 "nwipc-bootstrap-codec",
 "nwipc-error",
 "nwipc-macos-bundle-api",
 "nwipc-macos-transport",
 "nwipc-renderer-api",
 "nwipc-renderer-bootstrap",
 "nwipc-webkit-testkit",
]

[[package]]
name = "nwipc-macos-host"
version = "0.0.0"
dependencies = [
 "nwipc-capabilities",
 "nwipc-error",
 "nwipc-macos-artifact",
 "nwipc-macos-bundle-api",
 "nwipc-macos-spi",
 "nwipc-state",
 "nwipc-types",
]

[[package]]
name = "nwipc-macos-spi"
version = "0.0.0"
dependencies = [
 "nwipc-error",
]

[[package]]
name = "nwipc-macos-transport"
version = "0.0.0"
dependencies = [
 "nwipc-bootstrap-schema",
 "nwipc-capabilities",
 "nwipc-channel-core",
 "nwipc-channel-transport",
 "nwipc-error",
 "nwipc-layout",
 "nwipc-memory-api",
 "nwipc-memory-iosurface",
 "nwipc-peer-core",
 "nwipc-protocol",
 "nwipc-renderer-api",
 "nwipc-renderer-bootstrap",
 "nwipc-signal-api",
 "nwipc-signal-darwin",
 "nwipc-signal-poll",
 "nwipc-types",
 "nwipc-validation",
]

[[package]]
name = "nwipc-memory-api"
version = "0.0.0"
dependencies = [
 "nwipc-error",
 "nwipc-types",
]

[[package]]
name = "nwipc-memory-iosurface"
version = "0.0.0"
dependencies = [
 "nwipc-error",
 "nwipc-memory-api",
 "nwipc-types",
]

[[package]]
name = "nwipc-metrics"
version = "0.0.0"

[[package]]
name = "nwipc-native-peer-example"
version = "0.0.0"
dependencies = [
 "nwipc",
 "nwipc-peer",
 "nwipc-peer-core",
 "nwipc-process-testkit",
 "nwipc-renderer-api",
 "nwipc-types",
]

[[package]]
name = "nwipc-peer"
version = "0.0.0"
dependencies = [
 "nwipc-bootstrap-schema",
 "nwipc-error",
 "nwipc-macos-transport",
 "nwipc-peer-bootstrap",
 "nwipc-peer-core",
 "nwipc-types",
]

[[package]]
name = "nwipc-peer-bootstrap"
version = "0.0.0"
dependencies = [
 "nwipc-bootstrap-codec",
 "nwipc-bootstrap-schema",
 "nwipc-error",
 "nwipc-types",
]

[[package]]
name = "nwipc-peer-core"
version = "0.0.0"
dependencies = [
 "nwipc-bootstrap-schema",
 "nwipc-capabilities",
 "nwipc-error",
 "nwipc-protocol",
 "nwipc-types",
]

[[package]]
name = "nwipc-process-testkit"
version = "0.0.0"
dependencies = [
 "nwipc-bootstrap-schema",
 "nwipc-error",
 "nwipc-peer-bootstrap",
 "nwipc-peer-core",
 "nwipc-types",
]

[[package]]
name = "nwipc-protocol"
version = "0.0.0"
dependencies = [
 "nwipc-capabilities",
 "nwipc-error",
 "nwipc-types",
]

[[package]]
name = "nwipc-record"
version = "0.0.0"
dependencies = [
 "nwipc-error",
 "nwipc-layout",
 "nwipc-types",
]

[[package]]
name = "nwipc-region"
version = "0.0.0"
dependencies = [
 "nwipc-error",
 "nwipc-memory-api",
 "nwipc-types",
]

[[package]]
name = "nwipc-renderer-api"
version = "0.0.0"
dependencies = [
 "nwipc-error",
 "nwipc-types",
]

[[package]]
name = "nwipc-renderer-bootstrap"
version = "0.0.0"
dependencies = [
 "nwipc-bootstrap-schema",
 "nwipc-capabilities",
 "nwipc-error",
 "nwipc-protocol",
 "nwipc-renderer-api",
 "nwipc-types",
]

[[package]]
name = "nwipc-renderer-core"
version = "0.0.0"
dependencies = [
 "nwipc-error",
 "nwipc-renderer-api",
 "nwipc-types",
]

[[package]]
name = "nwipc-renderer-jsc"
version = "0.0.0"
dependencies = [
 "nwipc-error",
 "nwipc-renderer-api",
 "nwipc-renderer-core",
 "nwipc-types",
]

[[package]]
name = "nwipc-ring-core"
version = "0.0.0"
dependencies = [
 "nwipc-error",
 "nwipc-layout",
 "nwipc-record",
]

[[package]]
name = "nwipc-ring-reader"
version = "0.0.0"
dependencies = [
 "nwipc-atomic",
 "nwipc-error",
 "nwipc-record",
 "nwipc-ring-core",
 "nwipc-ring-writer",
 "nwipc-types",
]

[[package]]
name = "nwipc-ring-writer"
version = "0.0.0"
dependencies = [
 "nwipc-atomic",
 "nwipc-error",
 "nwipc-fragment",
 "nwipc-layout",
 "nwipc-record",
 "nwipc-ring-core",
 "nwipc-types",
]

[[package]]
name = "nwipc-runtime"
version = "0.0.0"
dependencies = [
 "nwipc-error",
 "nwipc-session",
 "nwipc-session-machine",
 "nwipc-state",
 "nwipc-types",
]

[[package]]
name = "nwipc-session"
version = "0.0.0"
dependencies = [
 "nwipc-error",
 "nwipc-state",
 "nwipc-types",
]

[[package]]
name = "nwipc-session-machine"
version = "0.0.0"
dependencies = [
 "nwipc-error",
 "nwipc-session",
 "nwipc-state",
 "nwipc-types",
]

[[package]]
name = "nwipc-signal-api"
version = "0.0.0"
dependencies = [
 "nwipc-error",
]

[[package]]
name = "nwipc-signal-coalescing"
version = "0.0.0"
dependencies = [
 "nwipc-error",
]

[[package]]
name = "nwipc-signal-darwin"
version = "0.0.0"
dependencies = [
 "nwipc-error",
 "nwipc-signal-api",
 "nwipc-types",
]

[[package]]
name = "nwipc-signal-hybrid"
version = "0.0.0"
dependencies = [
 "nwipc-error",
 "nwipc-signal-api",
 "nwipc-signal-poll",
]

[[package]]
name = "nwipc-signal-poll"
version = "0.0.0"
dependencies = [
 "nwipc-error",
]

[[package]]
name = "nwipc-state"
version = "0.0.0"
dependencies = [
 "nwipc-error",
]

[[package]]
name = "nwipc-testkit"
version = "0.0.0"
dependencies = [
 "nwipc-error",
 "nwipc-memory-api",
 "nwipc-signal-api",
 "nwipc-types",
]

[[package]]
name = "nwipc-types"
version = "0.0.0"

[[package]]
name = "nwipc-validation"
version = "0.0.0"
dependencies = [
 "nwipc-error",
 "nwipc-layout",
 "nwipc-record",
 "nwipc-types",
]

[[package]]
name = "nwipc-webkit-testkit"
version = "0.0.0"
dependencies = [
 "nwipc-error",
]

[[package]]
name = "xtask"
version = "0.0.0"
dependencies = [
 "nwipc",
 "nwipc-channel-core",
 "nwipc-error",
 "nwipc-macos-artifact",
 "nwipc-webkit-testkit",
]
